
Microsoft Visual Studio Solution File, Format Version 12.00
# Visual Studio Version 17
VisualStudioVersion = 17.13.35913.81 d17.13
MinimumVisualStudioVersion = 10.0.40219.1
Project("{FAE04EC0-301F-11D3-BF4B-00C04F79EFBC}") = "Konspekt", "Konspekt.csproj", "{449BB30A-3876-4B11-8C96-F11800EC6D8F}"
EndProject
Global
	GlobalSection(SolutionConfigurationPlatforms) = preSolution
		Debug|Any CPU = Debug|Any CPU
		Release|Any CPU = Release|Any CPU
	EndGlobalSection
	GlobalSection(ProjectConfigurationPlatforms) = postSolution
		{449BB30A-3876-4B11-8C96-F11800EC6D8F}.Debug|Any CPU.ActiveCfg = Debug|Any CPU
		{449BB30A-3876-4B11-8C96-F11800EC6D8F}.Debug|Any CPU.Build.0 = Debug|Any CPU
		{449BB30A-3876-4B11-8C96-F11800EC6D8F}.Release|Any CPU.ActiveCfg = Release|Any CPU
		{449BB30A-3876-4B11-8C96-F11800EC6D8F}.Release|Any CPU.Build.0 = Release|Any CPU
	EndGlobalSection
	GlobalSection(SolutionProperties) = preSolution
		HideSolutionNode = FALSE
	EndGlobalSection
	GlobalSection(ExtensibilityGlobals) = postSolution
		SolutionGuid = {ECB12B89-8C8A-4435-AE22-3F290A6C1945}
	EndGlobalSection
EndGlobal
